{
  "pins" : [
    {
      "identity" : "swift-collections",
      "kind" : "remoteSourceControl",
      "location" : "https://github.com/apple/swift-collections",
      "state" : {
        "revision" : "48254824bb4248676bf7ce56014ff57b142b77eb",
        "version" : "1.0.2"
      }
    },
    {
      "identity" : "swift-identified-collections",
      "kind" : "remoteSourceControl",
      "location" : "https://github.com/pointfreeco/swift-identified-collections.git",
      "state" : {
        "branch" : "main",
        "revision" : "2d6b7ffcc67afd9077fac5e5a29bcd6d39b71076"
      }
    },
    {
      "identity" : "swiftkeychainwrapper",
      "kind" : "remoteSourceControl",
      "location" : "https://github.com/jrendel/SwiftKeychainWrapper",
      "state" : {
        "branch" : "develop",
        "revision" : "185a3165346a03767101c4f62e9a545a0fe0530f"
      }
    },
    {
      "identity" : "wallet-core",
      "kind" : "remoteSourceControl",
      "location" : "https://github.com/trustwallet/wallet-core",
      "state" : {
        "branch" : "master",
        "revision" : "d894e36738c7629455990eec6a02186a6689cb11"
      }
    }
  ],
  "version" : 2
}
