// !$*UTF8*$!
{
	archiveVersion = 1;
	classes = {
	};
	objectVersion = 55;
	objects = {

/* Begin PBXBuildFile section */
		D003DB56286A8E3200BCE964 /* AppBackgroundView.swift in Sources */ = {isa = PBXBuildFile; fileRef = D003DB55286A8E3200BCE964 /* AppBackgroundView.swift */; };
		D00E10262880CFA100E8E12E /* NavBarTheme.swift in Sources */ = {isa = PBXBuildFile; fileRef = D00E10252880CFA100E8E12E /* NavBarTheme.swift */; };
		D00E10292880D80100E8E12E /* NewSecretPhraseVM.swift in Sources */ = {isa = PBXBuildFile; fileRef = D00E10282880D80100E8E12E /* NewSecretPhraseVM.swift */; };
		D00E102B2880DA1400E8E12E /* TermsAndConditionsView.swift in Sources */ = {isa = PBXBuildFile; fileRef = D00E102A2880DA1400E8E12E /* TermsAndConditionsView.swift */; };
		D00E102D2880DA7A00E8E12E /* EULA.swift in Sources */ = {isa = PBXBuildFile; fileRef = D00E102C2880DA7A00E8E12E /* EULA.swift */; };
		D039C82628484B0300AA3AD2 /* SwiftProtobuf in Frameworks */ = {isa = PBXBuildFile; productRef = D039C82528484B0300AA3AD2 /* SwiftProtobuf */; };
		D039C82828484B0300AA3AD2 /* WalletCore in Frameworks */ = {isa = PBXBuildFile; productRef = D039C82728484B0300AA3AD2 /* WalletCore */; };
		D039C82B28484BAD00AA3AD2 /* WalletClient.swift in Sources */ = {isa = PBXBuildFile; fileRef = D039C82A28484BAD00AA3AD2 /* WalletClient.swift */; };
		D039C82D28484DC100AA3AD2 /* Wallet.swift in Sources */ = {isa = PBXBuildFile; fileRef = D039C82C28484DC100AA3AD2 /* Wallet.swift */; };
		D042C2AB286D4B8500EF62BF /* VerifySecretPhraseView.swift in Sources */ = {isa = PBXBuildFile; fileRef = D042C2AA286D4B8500EF62BF /* VerifySecretPhraseView.swift */; };
		D042C2B4287464F400EF62BF /* AppRouter.swift in Sources */ = {isa = PBXBuildFile; fileRef = D042C2B3287464F400EF62BF /* AppRouter.swift */; };
		D042C2B62874678B00EF62BF /* APIClient.swift in Sources */ = {isa = PBXBuildFile; fileRef = D042C2B52874678B00EF62BF /* APIClient.swift */; };
		D042C2BC28746C3800EF62BF /* HttpMethod.swift in Sources */ = {isa = PBXBuildFile; fileRef = D042C2BB28746C3800EF62BF /* HttpMethod.swift */; };
		D042C2C028746CAD00EF62BF /* URLSession+Validation.swift in Sources */ = {isa = PBXBuildFile; fileRef = D042C2BF28746CAD00EF62BF /* URLSession+Validation.swift */; };
		D042C2C228746CE500EF62BF /* APPUrlRequest.swift in Sources */ = {isa = PBXBuildFile; fileRef = D042C2C128746CE500EF62BF /* APPUrlRequest.swift */; };
		D042C2C428746F3500EF62BF /* Token.swift in Sources */ = {isa = PBXBuildFile; fileRef = D042C2C328746F3500EF62BF /* Token.swift */; };
		D04B3D44286AC1EA00543816 /* MnemonicWordView.swift in Sources */ = {isa = PBXBuildFile; fileRef = D04B3D43286AC1EA00543816 /* MnemonicWordView.swift */; };
		D04B3D46286B1BBD00543816 /* MnemonicWord.swift in Sources */ = {isa = PBXBuildFile; fileRef = D04B3D45286B1BBD00543816 /* MnemonicWord.swift */; };
		D04B3D48286BB43400543816 /* NewSecretPhraseView.swift in Sources */ = {isa = PBXBuildFile; fileRef = D04B3D47286BB43400543816 /* NewSecretPhraseView.swift */; };
		D04B3D4A286BB59700543816 /* Font+Extension.swift in Sources */ = {isa = PBXBuildFile; fileRef = D04B3D49286BB59700543816 /* Font+Extension.swift */; };
		D0555FC82880A01400BF241C /* IdentifiedCollections in Frameworks */ = {isa = PBXBuildFile; productRef = D0555FC72880A01400BF241C /* IdentifiedCollections */; };
		D06E27CA2882284A00C773E9 /* SwiftKeychainWrapper in Frameworks */ = {isa = PBXBuildFile; productRef = D06E27C92882284A00C773E9 /* SwiftKeychainWrapper */; };
		D06E27CC2882289E00C773E9 /* KeychainWrapper+Keys.swift in Sources */ = {isa = PBXBuildFile; fileRef = D06E27CB2882289E00C773E9 /* KeychainWrapper+Keys.swift */; };
		D06E27CE28822FA500C773E9 /* Data+Hex.swift in Sources */ = {isa = PBXBuildFile; fileRef = D06E27CD28822FA500C773E9 /* Data+Hex.swift */; };
		D06E27D0288230E800C773E9 /* AppError.swift in Sources */ = {isa = PBXBuildFile; fileRef = D06E27CF288230E800C773E9 /* AppError.swift */; };
		D06E27D2288246E800C773E9 /* AppProgressView.swift in Sources */ = {isa = PBXBuildFile; fileRef = D06E27D1288246E800C773E9 /* AppProgressView.swift */; };
		D06E27D4288247B700C773E9 /* View+Overlay.swift in Sources */ = {isa = PBXBuildFile; fileRef = D06E27D3288247B700C773E9 /* View+Overlay.swift */; };
		D06E27D628824B0D00C773E9 /* BannerViewModifier.swift in Sources */ = {isa = PBXBuildFile; fileRef = D06E27D528824B0D00C773E9 /* BannerViewModifier.swift */; };
		D06E27D828824B9A00C773E9 /* View+Extensions.swift in Sources */ = {isa = PBXBuildFile; fileRef = D06E27D728824B9A00C773E9 /* View+Extensions.swift */; };
		D06E27DB28830DB500C773E9 /* ImportSecretPhraseVM.swift in Sources */ = {isa = PBXBuildFile; fileRef = D06E27DA28830DB500C773E9 /* ImportSecretPhraseVM.swift */; };
		D06EFF84287D4A9B00428711 /* String+Extension.swift in Sources */ = {isa = PBXBuildFile; fileRef = D06EFF83287D4A9B00428711 /* String+Extension.swift */; };
		D06EFF88287F387000428711 /* FieldValidation.swift in Sources */ = {isa = PBXBuildFile; fileRef = D06EFF87287F387000428711 /* FieldValidation.swift */; };
		D06EFF8B287F38D700428711 /* ProfileEditingView.swift in Sources */ = {isa = PBXBuildFile; fileRef = D06EFF8A287F38D700428711 /* ProfileEditingView.swift */; };
		D06EFF8F287F3C1A00428711 /* ImagePlaceholderView.swift in Sources */ = {isa = PBXBuildFile; fileRef = D06EFF8E287F3C1A00428711 /* ImagePlaceholderView.swift */; };
		D06EFF91287F4BE500428711 /* TextFieldView.swift in Sources */ = {isa = PBXBuildFile; fileRef = D06EFF90287F4BE500428711 /* TextFieldView.swift */; };
		D06EFF93287F52DD00428711 /* ProfileEditingVM.swift in Sources */ = {isa = PBXBuildFile; fileRef = D06EFF92287F52DD00428711 /* ProfileEditingVM.swift */; };
		D06EFF95287F570100428711 /* ImagePicker.swift in Sources */ = {isa = PBXBuildFile; fileRef = D06EFF94287F570100428711 /* ImagePicker.swift */; };
		D07A6601287B75DF00F6EF8C /* ImportSecretPhraseView.swift in Sources */ = {isa = PBXBuildFile; fileRef = D07A6600287B75DF00F6EF8C /* ImportSecretPhraseView.swift */; };
		D0A1EE5F2847010100BE886F /* ButtonStyles.swift in Sources */ = {isa = PBXBuildFile; fileRef = D0A1EE5E2847010100BE886F /* ButtonStyles.swift */; };
		D0A1EE622847022F00BE886F /* WelcomePageView.swift in Sources */ = {isa = PBXBuildFile; fileRef = D0A1EE612847022F00BE886F /* WelcomePageView.swift */; };
		D0A2F09B2831BC6700EC397C /* megastonksApp.swift in Sources */ = {isa = PBXBuildFile; fileRef = D0A2F09A2831BC6700EC397C /* megastonksApp.swift */; };
		D0A2F09D2831BC6700EC397C /* AppView.swift in Sources */ = {isa = PBXBuildFile; fileRef = D0A2F09C2831BC6700EC397C /* AppView.swift */; };
		D0A2F09F2831BC6700EC397C /* Assets.xcassets in Resources */ = {isa = PBXBuildFile; fileRef = D0A2F09E2831BC6700EC397C /* Assets.xcassets */; };
		D0A2F0A22831BC6700EC397C /* Preview Assets.xcassets in Resources */ = {isa = PBXBuildFile; fileRef = D0A2F0A12831BC6700EC397C /* Preview Assets.xcassets */; };
		D0A2F0AF2831C6A800EC397C /* Color+Extension.swift in Sources */ = {isa = PBXBuildFile; fileRef = D0A2F0AE2831C6A800EC397C /* Color+Extension.swift */; };
		D0A2F0B12831CB9E00EC397C /* Colors.swift in Sources */ = {isa = PBXBuildFile; fileRef = D0A2F0B02831CB9E00EC397C /* Colors.swift */; };
		D0A2F0BA2831E01C00EC397C /* Gradients.swift in Sources */ = {isa = PBXBuildFile; fileRef = D0A2F0B92831E01C00EC397C /* Gradients.swift */; };
		D0A2F0BC2831E31000EC397C /* Helpers.swift in Sources */ = {isa = PBXBuildFile; fileRef = D0A2F0BB2831E31000EC397C /* Helpers.swift */; };
		D0A2F0BE2831E3F800EC397C /* View+Frame.swift in Sources */ = {isa = PBXBuildFile; fileRef = D0A2F0BD2831E3F800EC397C /* View+Frame.swift */; };
		D0A2F0C02832A56600EC397C /* CornerRadiusStyle.swift in Sources */ = {isa = PBXBuildFile; fileRef = D0A2F0BF2832A56600EC397C /* CornerRadiusStyle.swift */; };
		D0CA6F122880A2E400CFE94D /* WelcomePageVM.swift in Sources */ = {isa = PBXBuildFile; fileRef = D0CA6F112880A2E400CFE94D /* WelcomePageVM.swift */; };
		D0CA6F142880C5BB00CFE94D /* AppToolBar.swift in Sources */ = {isa = PBXBuildFile; fileRef = D0CA6F132880C5BB00CFE94D /* AppToolBar.swift */; };
/* End PBXBuildFile section */

/* Begin PBXFileReference section */
		D003DB55286A8E3200BCE964 /* AppBackgroundView.swift */ = {isa = PBXFileReference; lastKnownFileType = sourcecode.swift; path = AppBackgroundView.swift; sourceTree = "<group>"; };
		D00E10252880CFA100E8E12E /* NavBarTheme.swift */ = {isa = PBXFileReference; lastKnownFileType = sourcecode.swift; path = NavBarTheme.swift; sourceTree = "<group>"; };
		D00E10282880D80100E8E12E /* NewSecretPhraseVM.swift */ = {isa = PBXFileReference; lastKnownFileType = sourcecode.swift; path = NewSecretPhraseVM.swift; sourceTree = "<group>"; };
		D00E102A2880DA1400E8E12E /* TermsAndConditionsView.swift */ = {isa = PBXFileReference; lastKnownFileType = sourcecode.swift; path = TermsAndConditionsView.swift; sourceTree = "<group>"; };
		D00E102C2880DA7A00E8E12E /* EULA.swift */ = {isa = PBXFileReference; lastKnownFileType = sourcecode.swift; path = EULA.swift; sourceTree = "<group>"; };
		D039C82A28484BAD00AA3AD2 /* WalletClient.swift */ = {isa = PBXFileReference; lastKnownFileType = sourcecode.swift; path = WalletClient.swift; sourceTree = "<group>"; };
		D039C82C28484DC100AA3AD2 /* Wallet.swift */ = {isa = PBXFileReference; lastKnownFileType = sourcecode.swift; path = Wallet.swift; sourceTree = "<group>"; };
		D042C2AA286D4B8500EF62BF /* VerifySecretPhraseView.swift */ = {isa = PBXFileReference; lastKnownFileType = sourcecode.swift; path = VerifySecretPhraseView.swift; sourceTree = "<group>"; };
		D042C2B3287464F400EF62BF /* AppRouter.swift */ = {isa = PBXFileReference; lastKnownFileType = sourcecode.swift; path = AppRouter.swift; sourceTree = "<group>"; };
		D042C2B52874678B00EF62BF /* APIClient.swift */ = {isa = PBXFileReference; lastKnownFileType = sourcecode.swift; path = APIClient.swift; sourceTree = "<group>"; };
		D042C2BB28746C3800EF62BF /* HttpMethod.swift */ = {isa = PBXFileReference; lastKnownFileType = sourcecode.swift; path = HttpMethod.swift; sourceTree = "<group>"; };
		D042C2BF28746CAD00EF62BF /* URLSession+Validation.swift */ = {isa = PBXFileReference; lastKnownFileType = sourcecode.swift; path = "URLSession+Validation.swift"; sourceTree = "<group>"; };
		D042C2C128746CE500EF62BF /* APPUrlRequest.swift */ = {isa = PBXFileReference; lastKnownFileType = sourcecode.swift; path = APPUrlRequest.swift; sourceTree = "<group>"; };
		D042C2C328746F3500EF62BF /* Token.swift */ = {isa = PBXFileReference; lastKnownFileType = sourcecode.swift; path = Token.swift; sourceTree = "<group>"; };
		D04B3D43286AC1EA00543816 /* MnemonicWordView.swift */ = {isa = PBXFileReference; lastKnownFileType = sourcecode.swift; path = MnemonicWordView.swift; sourceTree = "<group>"; };
		D04B3D45286B1BBD00543816 /* MnemonicWord.swift */ = {isa = PBXFileReference; lastKnownFileType = sourcecode.swift; path = MnemonicWord.swift; sourceTree = "<group>"; };
		D04B3D47286BB43400543816 /* NewSecretPhraseView.swift */ = {isa = PBXFileReference; lastKnownFileType = sourcecode.swift; path = NewSecretPhraseView.swift; sourceTree = "<group>"; };
		D04B3D49286BB59700543816 /* Font+Extension.swift */ = {isa = PBXFileReference; lastKnownFileType = sourcecode.swift; path = "Font+Extension.swift"; sourceTree = "<group>"; };
		D06E27CB2882289E00C773E9 /* KeychainWrapper+Keys.swift */ = {isa = PBXFileReference; lastKnownFileType = sourcecode.swift; path = "KeychainWrapper+Keys.swift"; sourceTree = "<group>"; };
		D06E27CD28822FA500C773E9 /* Data+Hex.swift */ = {isa = PBXFileReference; lastKnownFileType = sourcecode.swift; path = "Data+Hex.swift"; sourceTree = "<group>"; };
		D06E27CF288230E800C773E9 /* AppError.swift */ = {isa = PBXFileReference; lastKnownFileType = sourcecode.swift; path = AppError.swift; sourceTree = "<group>"; };
		D06E27D1288246E800C773E9 /* AppProgressView.swift */ = {isa = PBXFileReference; lastKnownFileType = sourcecode.swift; path = AppProgressView.swift; sourceTree = "<group>"; };
		D06E27D3288247B700C773E9 /* View+Overlay.swift */ = {isa = PBXFileReference; lastKnownFileType = sourcecode.swift; path = "View+Overlay.swift"; sourceTree = "<group>"; };
		D06E27D528824B0D00C773E9 /* BannerViewModifier.swift */ = {isa = PBXFileReference; lastKnownFileType = sourcecode.swift; path = BannerViewModifier.swift; sourceTree = "<group>"; };
		D06E27D728824B9A00C773E9 /* View+Extensions.swift */ = {isa = PBXFileReference; lastKnownFileType = sourcecode.swift; path = "View+Extensions.swift"; sourceTree = "<group>"; };
		D06E27DA28830DB500C773E9 /* ImportSecretPhraseVM.swift */ = {isa = PBXFileReference; lastKnownFileType = sourcecode.swift; path = ImportSecretPhraseVM.swift; sourceTree = "<group>"; };
		D06EFF83287D4A9B00428711 /* String+Extension.swift */ = {isa = PBXFileReference; lastKnownFileType = sourcecode.swift; path = "String+Extension.swift"; sourceTree = "<group>"; };
		D06EFF87287F387000428711 /* FieldValidation.swift */ = {isa = PBXFileReference; lastKnownFileType = sourcecode.swift; path = FieldValidation.swift; sourceTree = "<group>"; };
		D06EFF8A287F38D700428711 /* ProfileEditingView.swift */ = {isa = PBXFileReference; lastKnownFileType = sourcecode.swift; path = ProfileEditingView.swift; sourceTree = "<group>"; };
		D06EFF8E287F3C1A00428711 /* ImagePlaceholderView.swift */ = {isa = PBXFileReference; lastKnownFileType = sourcecode.swift; path = ImagePlaceholderView.swift; sourceTree = "<group>"; };
		D06EFF90287F4BE500428711 /* TextFieldView.swift */ = {isa = PBXFileReference; lastKnownFileType = sourcecode.swift; path = TextFieldView.swift; sourceTree = "<group>"; };
		D06EFF92287F52DD00428711 /* ProfileEditingVM.swift */ = {isa = PBXFileReference; lastKnownFileType = sourcecode.swift; path = ProfileEditingVM.swift; sourceTree = "<group>"; };
		D06EFF94287F570100428711 /* ImagePicker.swift */ = {isa = PBXFileReference; lastKnownFileType = sourcecode.swift; path = ImagePicker.swift; sourceTree = "<group>"; };
		D07A6600287B75DF00F6EF8C /* ImportSecretPhraseView.swift */ = {isa = PBXFileReference; lastKnownFileType = sourcecode.swift; path = ImportSecretPhraseView.swift; sourceTree = "<group>"; };
		D0A1EE5E2847010100BE886F /* ButtonStyles.swift */ = {isa = PBXFileReference; lastKnownFileType = sourcecode.swift; path = ButtonStyles.swift; sourceTree = "<group>"; };
		D0A1EE612847022F00BE886F /* WelcomePageView.swift */ = {isa = PBXFileReference; lastKnownFileType = sourcecode.swift; path = WelcomePageView.swift; sourceTree = "<group>"; };
		D0A2F0972831BC6700EC397C /* megastonks.app */ = {isa = PBXFileReference; explicitFileType = wrapper.application; includeInIndex = 0; path = megastonks.app; sourceTree = BUILT_PRODUCTS_DIR; };
		D0A2F09A2831BC6700EC397C /* megastonksApp.swift */ = {isa = PBXFileReference; lastKnownFileType = sourcecode.swift; path = megastonksApp.swift; sourceTree = "<group>"; };
		D0A2F09C2831BC6700EC397C /* AppView.swift */ = {isa = PBXFileReference; lastKnownFileType = sourcecode.swift; path = AppView.swift; sourceTree = "<group>"; };
		D0A2F09E2831BC6700EC397C /* Assets.xcassets */ = {isa = PBXFileReference; lastKnownFileType = folder.assetcatalog; path = Assets.xcassets; sourceTree = "<group>"; };
		D0A2F0A12831BC6700EC397C /* Preview Assets.xcassets */ = {isa = PBXFileReference; lastKnownFileType = folder.assetcatalog; path = "Preview Assets.xcassets"; sourceTree = "<group>"; };
		D0A2F0AE2831C6A800EC397C /* Color+Extension.swift */ = {isa = PBXFileReference; lastKnownFileType = sourcecode.swift; path = "Color+Extension.swift"; sourceTree = "<group>"; };
		D0A2F0B02831CB9E00EC397C /* Colors.swift */ = {isa = PBXFileReference; lastKnownFileType = sourcecode.swift; path = Colors.swift; sourceTree = "<group>"; };
		D0A2F0B92831E01C00EC397C /* Gradients.swift */ = {isa = PBXFileReference; lastKnownFileType = sourcecode.swift; path = Gradients.swift; sourceTree = "<group>"; };
		D0A2F0BB2831E31000EC397C /* Helpers.swift */ = {isa = PBXFileReference; lastKnownFileType = sourcecode.swift; path = Helpers.swift; sourceTree = "<group>"; };
		D0A2F0BD2831E3F800EC397C /* View+Frame.swift */ = {isa = PBXFileReference; lastKnownFileType = sourcecode.swift; path = "View+Frame.swift"; sourceTree = "<group>"; };
		D0A2F0BF2832A56600EC397C /* CornerRadiusStyle.swift */ = {isa = PBXFileReference; lastKnownFileType = sourcecode.swift; path = CornerRadiusStyle.swift; sourceTree = "<group>"; };
		D0CA6F112880A2E400CFE94D /* WelcomePageVM.swift */ = {isa = PBXFileReference; lastKnownFileType = sourcecode.swift; path = WelcomePageVM.swift; sourceTree = "<group>"; };
		D0CA6F132880C5BB00CFE94D /* AppToolBar.swift */ = {isa = PBXFileReference; lastKnownFileType = sourcecode.swift; path = AppToolBar.swift; sourceTree = "<group>"; };
/* End PBXFileReference section */

/* Begin PBXFrameworksBuildPhase section */
		D0A2F0942831BC6700EC397C /* Frameworks */ = {
			isa = PBXFrameworksBuildPhase;
			buildActionMask = 2147483647;
			files = (
				D0555FC82880A01400BF241C /* IdentifiedCollections in Frameworks */,
				D039C82828484B0300AA3AD2 /* WalletCore in Frameworks */,
				D06E27CA2882284A00C773E9 /* SwiftKeychainWrapper in Frameworks */,
				D039C82628484B0300AA3AD2 /* SwiftProtobuf in Frameworks */,
			);
			runOnlyForDeploymentPostprocessing = 0;
		};
/* End PBXFrameworksBuildPhase section */

/* Begin PBXGroup section */
		D00E10272880D7E700E8E12E /* NewSecretPhrase */ = {
			isa = PBXGroup;
			children = (
				D04B3D47286BB43400543816 /* NewSecretPhraseView.swift */,
				D00E10282880D80100E8E12E /* NewSecretPhraseVM.swift */,
			);
			path = NewSecretPhrase;
			sourceTree = "<group>";
		};
		D039C82928484B3400AA3AD2 /* Clients */ = {
			isa = PBXGroup;
			children = (
				D042C2B7287467F400EF62BF /* APIClient */,
				D039C82A28484BAD00AA3AD2 /* WalletClient.swift */,
			);
			path = Clients;
			sourceTree = "<group>";
		};
		D042C2AC286D4BA300EF62BF /* SecretPhrase */ = {
			isa = PBXGroup;
			children = (
				D06E27D928830D9A00C773E9 /* ImportSecretPhrase */,
				D00E10272880D7E700E8E12E /* NewSecretPhrase */,
				D042C2AA286D4B8500EF62BF /* VerifySecretPhraseView.swift */,
			);
			path = SecretPhrase;
			sourceTree = "<group>";
		};
		D042C2B2287464DC00EF62BF /* ViewModel */ = {
			isa = PBXGroup;
			children = (
				D042C2B3287464F400EF62BF /* AppRouter.swift */,
			);
			path = ViewModel;
			sourceTree = "<group>";
		};
		D042C2B7287467F400EF62BF /* APIClient */ = {
			isa = PBXGroup;
			children = (
				D042C2BA28746C2500EF62BF /* Utilities */,
				D042C2B52874678B00EF62BF /* APIClient.swift */,
			);
			path = APIClient;
			sourceTree = "<group>";
		};
		D042C2BA28746C2500EF62BF /* Utilities */ = {
			isa = PBXGroup;
			children = (
				D042C2BB28746C3800EF62BF /* HttpMethod.swift */,
				D042C2BF28746CAD00EF62BF /* URLSession+Validation.swift */,
				D042C2C128746CE500EF62BF /* APPUrlRequest.swift */,
			);
			path = Utilities;
			sourceTree = "<group>";
		};
		D06E27D928830D9A00C773E9 /* ImportSecretPhrase */ = {
			isa = PBXGroup;
			children = (
				D07A6600287B75DF00F6EF8C /* ImportSecretPhraseView.swift */,
				D06E27DA28830DB500C773E9 /* ImportSecretPhraseVM.swift */,
			);
			path = ImportSecretPhrase;
			sourceTree = "<group>";
		};
		D06EFF89287F38C600428711 /* Profile */ = {
			isa = PBXGroup;
			children = (
				D06EFF8A287F38D700428711 /* ProfileEditingView.swift */,
				D06EFF92287F52DD00428711 /* ProfileEditingVM.swift */,
			);
			path = Profile;
			sourceTree = "<group>";
		};
		D0A1EE60284701E900BE886F /* Welcome */ = {
			isa = PBXGroup;
			children = (
				D0A1EE612847022F00BE886F /* WelcomePageView.swift */,
				D0CA6F112880A2E400CFE94D /* WelcomePageVM.swift */,
			);
			path = Welcome;
			sourceTree = "<group>";
		};
		D0A2F08E2831BC6700EC397C = {
			isa = PBXGroup;
			children = (
				D0A2F0992831BC6700EC397C /* megastonks */,
				D0A2F0982831BC6700EC397C /* Products */,
			);
			sourceTree = "<group>";
		};
		D0A2F0982831BC6700EC397C /* Products */ = {
			isa = PBXGroup;
			children = (
				D0A2F0972831BC6700EC397C /* megastonks.app */,
			);
			name = Products;
			sourceTree = "<group>";
		};
		D0A2F0992831BC6700EC397C /* megastonks */ = {
			isa = PBXGroup;
			children = (
				D042C2B2287464DC00EF62BF /* ViewModel */,
				D039C82928484B3400AA3AD2 /* Clients */,
				D0A2F0AC2831BF0600EC397C /* Utilities */,
				D0A2F0A82831BE4100EC397C /* Model */,
				D0A2F0A92831BE4A00EC397C /* View */,
				D0A2F09A2831BC6700EC397C /* megastonksApp.swift */,
				D0A2F09C2831BC6700EC397C /* AppView.swift */,
				D0A2F09E2831BC6700EC397C /* Assets.xcassets */,
				D0A2F0A02831BC6700EC397C /* Preview Content */,
			);
			path = megastonks;
			sourceTree = "<group>";
		};
		D0A2F0A02831BC6700EC397C /* Preview Content */ = {
			isa = PBXGroup;
			children = (
				D0A2F0A12831BC6700EC397C /* Preview Assets.xcassets */,
			);
			path = "Preview Content";
			sourceTree = "<group>";
		};
		D0A2F0A82831BE4100EC397C /* Model */ = {
			isa = PBXGroup;
			children = (
				D039C82C28484DC100AA3AD2 /* Wallet.swift */,
				D04B3D45286B1BBD00543816 /* MnemonicWord.swift */,
				D042C2C328746F3500EF62BF /* Token.swift */,
				D06EFF87287F387000428711 /* FieldValidation.swift */,
				D00E102C2880DA7A00E8E12E /* EULA.swift */,
				D06E27CF288230E800C773E9 /* AppError.swift */,
			);
			path = Model;
			sourceTree = "<group>";
		};
		D0A2F0A92831BE4A00EC397C /* View */ = {
			isa = PBXGroup;
			children = (
				D0A2F0C12832BD2900EC397C /* SubView */,
				D0A1EE60284701E900BE886F /* Welcome */,
			);
			path = View;
			sourceTree = "<group>";
		};
		D0A2F0AB2831BEE100EC397C /* Styles */ = {
			isa = PBXGroup;
			children = (
				D0A2F0B02831CB9E00EC397C /* Colors.swift */,
				D0A2F0B92831E01C00EC397C /* Gradients.swift */,
				D0A2F0BF2832A56600EC397C /* CornerRadiusStyle.swift */,
				D0A1EE5E2847010100BE886F /* ButtonStyles.swift */,
				D00E10252880CFA100E8E12E /* NavBarTheme.swift */,
			);
			path = Styles;
			sourceTree = "<group>";
		};
		D0A2F0AC2831BF0600EC397C /* Utilities */ = {
			isa = PBXGroup;
			children = (
				D0A2F0B42831D39900EC397C /* Views */,
				D0A2F0AB2831BEE100EC397C /* Styles */,
				D0A2F0AD2831BF1100EC397C /* Extensions */,
				D0A2F0BB2831E31000EC397C /* Helpers.swift */,
			);
			path = Utilities;
			sourceTree = "<group>";
		};
		D0A2F0AD2831BF1100EC397C /* Extensions */ = {
			isa = PBXGroup;
			children = (
				D0A2F0AE2831C6A800EC397C /* Color+Extension.swift */,
				D0A2F0BD2831E3F800EC397C /* View+Frame.swift */,
				D04B3D49286BB59700543816 /* Font+Extension.swift */,
				D06EFF83287D4A9B00428711 /* String+Extension.swift */,
				D06E27CB2882289E00C773E9 /* KeychainWrapper+Keys.swift */,
				D06E27CD28822FA500C773E9 /* Data+Hex.swift */,
				D06E27D3288247B700C773E9 /* View+Overlay.swift */,
				D06E27D728824B9A00C773E9 /* View+Extensions.swift */,
			);
			path = Extensions;
			sourceTree = "<group>";
		};
		D0A2F0B42831D39900EC397C /* Views */ = {
			isa = PBXGroup;
			children = (
				D003DB55286A8E3200BCE964 /* AppBackgroundView.swift */,
				D04B3D43286AC1EA00543816 /* MnemonicWordView.swift */,
				D06EFF8E287F3C1A00428711 /* ImagePlaceholderView.swift */,
				D06EFF90287F4BE500428711 /* TextFieldView.swift */,
				D06EFF94287F570100428711 /* ImagePicker.swift */,
				D0CA6F132880C5BB00CFE94D /* AppToolBar.swift */,
				D00E102A2880DA1400E8E12E /* TermsAndConditionsView.swift */,
				D06E27D1288246E800C773E9 /* AppProgressView.swift */,
				D06E27D528824B0D00C773E9 /* BannerViewModifier.swift */,
			);
			path = Views;
			sourceTree = "<group>";
		};
		D0A2F0C12832BD2900EC397C /* SubView */ = {
			isa = PBXGroup;
			children = (
				D06EFF89287F38C600428711 /* Profile */,
				D042C2AC286D4BA300EF62BF /* SecretPhrase */,
			);
			path = SubView;
			sourceTree = "<group>";
		};
/* End PBXGroup section */

/* Begin PBXNativeTarget section */
		D0A2F0962831BC6700EC397C /* megastonks */ = {
			isa = PBXNativeTarget;
			buildConfigurationList = D0A2F0A52831BC6700EC397C /* Build configuration list for PBXNativeTarget "megastonks" */;
			buildPhases = (
				D0A2F0932831BC6700EC397C /* Sources */,
				D0A2F0942831BC6700EC397C /* Frameworks */,
				D0A2F0952831BC6700EC397C /* Resources */,
			);
			buildRules = (
			);
			dependencies = (
			);
			name = megastonks;
			packageProductDependencies = (
				D039C82528484B0300AA3AD2 /* SwiftProtobuf */,
				D039C82728484B0300AA3AD2 /* WalletCore */,
				D0555FC72880A01400BF241C /* IdentifiedCollections */,
				D06E27C92882284A00C773E9 /* SwiftKeychainWrapper */,
			);
			productName = megastonks;
			productReference = D0A2F0972831BC6700EC397C /* megastonks.app */;
			productType = "com.apple.product-type.application";
		};
/* End PBXNativeTarget section */

/* Begin PBXProject section */
		D0A2F08F2831BC6700EC397C /* Project object */ = {
			isa = PBXProject;
			attributes = {
				BuildIndependentTargetsInParallel = 1;
				LastSwiftUpdateCheck = 1330;
				LastUpgradeCheck = 1330;
				TargetAttributes = {
					D0A2F0962831BC6700EC397C = {
						CreatedOnToolsVersion = 13.3;
					};
				};
			};
			buildConfigurationList = D0A2F0922831BC6700EC397C /* Build configuration list for PBXProject "megastonks" */;
			compatibilityVersion = "Xcode 13.0";
			developmentRegion = en;
			hasScannedForEncodings = 0;
			knownRegions = (
				en,
				Base,
			);
			mainGroup = D0A2F08E2831BC6700EC397C;
			packageReferences = (
				D039C82428484B0300AA3AD2 /* XCRemoteSwiftPackageReference "wallet-core" */,
				D0555FC62880A01400BF241C /* XCRemoteSwiftPackageReference "swift-identified-collections" */,
				D06E27C82882284A00C773E9 /* XCRemoteSwiftPackageReference "SwiftKeychainWrapper" */,
			);
			productRefGroup = D0A2F0982831BC6700EC397C /* Products */;
			projectDirPath = "";
			projectRoot = "";
			targets = (
				D0A2F0962831BC6700EC397C /* megastonks */,
			);
		};
/* End PBXProject section */

/* Begin PBXResourcesBuildPhase section */
		D0A2F0952831BC6700EC397C /* Resources */ = {
			isa = PBXResourcesBuildPhase;
			buildActionMask = 2147483647;
			files = (
				D0A2F0A22831BC6700EC397C /* Preview Assets.xcassets in Resources */,
				D0A2F09F2831BC6700EC397C /* Assets.xcassets in Resources */,
			);
			runOnlyForDeploymentPostprocessing = 0;
		};
/* End PBXResourcesBuildPhase section */

/* Begin PBXSourcesBuildPhase section */
		D0A2F0932831BC6700EC397C /* Sources */ = {
			isa = PBXSourcesBuildPhase;
			buildActionMask = 2147483647;
			files = (
				D00E102B2880DA1400E8E12E /* TermsAndConditionsView.swift in Sources */,
				D0A2F0BE2831E3F800EC397C /* View+Frame.swift in Sources */,
				D04B3D46286B1BBD00543816 /* MnemonicWord.swift in Sources */,
				D0A2F0C02832A56600EC397C /* CornerRadiusStyle.swift in Sources */,
				D039C82B28484BAD00AA3AD2 /* WalletClient.swift in Sources */,
				D0A2F09D2831BC6700EC397C /* AppView.swift in Sources */,
				D07A6601287B75DF00F6EF8C /* ImportSecretPhraseView.swift in Sources */,
				D04B3D48286BB43400543816 /* NewSecretPhraseView.swift in Sources */,
				D06E27DB28830DB500C773E9 /* ImportSecretPhraseVM.swift in Sources */,
				D06E27D628824B0D00C773E9 /* BannerViewModifier.swift in Sources */,
				D06EFF84287D4A9B00428711 /* String+Extension.swift in Sources */,
				D00E102D2880DA7A00E8E12E /* EULA.swift in Sources */,
				D0A2F0B12831CB9E00EC397C /* Colors.swift in Sources */,
				D00E10262880CFA100E8E12E /* NavBarTheme.swift in Sources */,
				D06EFF91287F4BE500428711 /* TextFieldView.swift in Sources */,
				D042C2B62874678B00EF62BF /* APIClient.swift in Sources */,
				D0A1EE5F2847010100BE886F /* ButtonStyles.swift in Sources */,
				D042C2C428746F3500EF62BF /* Token.swift in Sources */,
				D06E27CC2882289E00C773E9 /* KeychainWrapper+Keys.swift in Sources */,
				D003DB56286A8E3200BCE964 /* AppBackgroundView.swift in Sources */,
				D042C2B4287464F400EF62BF /* AppRouter.swift in Sources */,
				D06E27D2288246E800C773E9 /* AppProgressView.swift in Sources */,
				D06E27D0288230E800C773E9 /* AppError.swift in Sources */,
				D0A2F0BA2831E01C00EC397C /* Gradients.swift in Sources */,
				D042C2C028746CAD00EF62BF /* URLSession+Validation.swift in Sources */,
				D06EFF95287F570100428711 /* ImagePicker.swift in Sources */,
				D0A2F0BC2831E31000EC397C /* Helpers.swift in Sources */,
				D0A2F0AF2831C6A800EC397C /* Color+Extension.swift in Sources */,
				D0CA6F142880C5BB00CFE94D /* AppToolBar.swift in Sources */,
				D06E27D828824B9A00C773E9 /* View+Extensions.swift in Sources */,
				D06EFF88287F387000428711 /* FieldValidation.swift in Sources */,
				D04B3D44286AC1EA00543816 /* MnemonicWordView.swift in Sources */,
				D042C2AB286D4B8500EF62BF /* VerifySecretPhraseView.swift in Sources */,
				D06EFF8F287F3C1A00428711 /* ImagePlaceholderView.swift in Sources */,
				D06EFF8B287F38D700428711 /* ProfileEditingView.swift in Sources */,
				D06EFF93287F52DD00428711 /* ProfileEditingVM.swift in Sources */,
				D042C2C228746CE500EF62BF /* APPUrlRequest.swift in Sources */,
				D042C2BC28746C3800EF62BF /* HttpMethod.swift in Sources */,
				D04B3D4A286BB59700543816 /* Font+Extension.swift in Sources */,
				D0A2F09B2831BC6700EC397C /* megastonksApp.swift in Sources */,
				D039C82D28484DC100AA3AD2 /* Wallet.swift in Sources */,
				D06E27CE28822FA500C773E9 /* Data+Hex.swift in Sources */,
				D0CA6F122880A2E400CFE94D /* WelcomePageVM.swift in Sources */,
				D0A1EE622847022F00BE886F /* WelcomePageView.swift in Sources */,
				D00E10292880D80100E8E12E /* NewSecretPhraseVM.swift in Sources */,
				D06E27D4288247B700C773E9 /* View+Overlay.swift in Sources */,
			);
			runOnlyForDeploymentPostprocessing = 0;
		};
/* End PBXSourcesBuildPhase section */

/* Begin XCBuildConfiguration section */
		D0A2F0A32831BC6700EC397C /* Debug */ = {
			isa = XCBuildConfiguration;
			buildSettings = {
				ALWAYS_SEARCH_USER_PATHS = NO;
				CLANG_ANALYZER_NONNULL = YES;
				CLANG_ANALYZER_NUMBER_OBJECT_CONVERSION = YES_AGGRESSIVE;
				CLANG_CXX_LANGUAGE_STANDARD = "gnu++17";
				CLANG_ENABLE_MODULES = YES;
				CLANG_ENABLE_OBJC_ARC = YES;
				CLANG_ENABLE_OBJC_WEAK = YES;
				CLANG_WARN_BLOCK_CAPTURE_AUTORELEASING = YES;
				CLANG_WARN_BOOL_CONVERSION = YES;
				CLANG_WARN_COMMA = YES;
				CLANG_WARN_CONSTANT_CONVERSION = YES;
				CLANG_WARN_DEPRECATED_OBJC_IMPLEMENTATIONS = YES;
				CLANG_WARN_DIRECT_OBJC_ISA_USAGE = YES_ERROR;
				CLANG_WARN_DOCUMENTATION_COMMENTS = YES;
				CLANG_WARN_EMPTY_BODY = YES;
				CLANG_WARN_ENUM_CONVERSION = YES;
				CLANG_WARN_INFINITE_RECURSION = YES;
				CLANG_WARN_INT_CONVERSION = YES;
				CLANG_WARN_NON_LITERAL_NULL_CONVERSION = YES;
				CLANG_WARN_OBJC_IMPLICIT_RETAIN_SELF = YES;
				CLANG_WARN_OBJC_LITERAL_CONVERSION = YES;
				CLANG_WARN_OBJC_ROOT_CLASS = YES_ERROR;
				CLANG_WARN_QUOTED_INCLUDE_IN_FRAMEWORK_HEADER = YES;
				CLANG_WARN_RANGE_LOOP_ANALYSIS = YES;
				CLANG_WARN_STRICT_PROTOTYPES = YES;
				CLANG_WARN_SUSPICIOUS_MOVE = YES;
				CLANG_WARN_UNGUARDED_AVAILABILITY = YES_AGGRESSIVE;
				CLANG_WARN_UNREACHABLE_CODE = YES;
				CLANG_WARN__DUPLICATE_METHOD_MATCH = YES;
				COPY_PHASE_STRIP = NO;
				DEBUG_INFORMATION_FORMAT = dwarf;
				ENABLE_STRICT_OBJC_MSGSEND = YES;
				ENABLE_TESTABILITY = YES;
				GCC_C_LANGUAGE_STANDARD = gnu11;
				GCC_DYNAMIC_NO_PIC = NO;
				GCC_NO_COMMON_BLOCKS = YES;
				GCC_OPTIMIZATION_LEVEL = 0;
				GCC_PREPROCESSOR_DEFINITIONS = (
					"DEBUG=1",
					"$(inherited)",
				);
				GCC_WARN_64_TO_32_BIT_CONVERSION = YES;
				GCC_WARN_ABOUT_RETURN_TYPE = YES_ERROR;
				GCC_WARN_UNDECLARED_SELECTOR = YES;
				GCC_WARN_UNINITIALIZED_AUTOS = YES_AGGRESSIVE;
				GCC_WARN_UNUSED_FUNCTION = YES;
				GCC_WARN_UNUSED_VARIABLE = YES;
				IPHONEOS_DEPLOYMENT_TARGET = 16.0;
				MTL_ENABLE_DEBUG_INFO = INCLUDE_SOURCE;
				MTL_FAST_MATH = YES;
				ONLY_ACTIVE_ARCH = YES;
				SDKROOT = iphoneos;
				SWIFT_ACTIVE_COMPILATION_CONDITIONS = DEBUG;
				SWIFT_OPTIMIZATION_LEVEL = "-Onone";
			};
			name = Debug;
		};
		D0A2F0A42831BC6700EC397C /* Release */ = {
			isa = XCBuildConfiguration;
			buildSettings = {
				ALWAYS_SEARCH_USER_PATHS = NO;
				CLANG_ANALYZER_NONNULL = YES;
				CLANG_ANALYZER_NUMBER_OBJECT_CONVERSION = YES_AGGRESSIVE;
				CLANG_CXX_LANGUAGE_STANDARD = "gnu++17";
				CLANG_ENABLE_MODULES = YES;
				CLANG_ENABLE_OBJC_ARC = YES;
				CLANG_ENABLE_OBJC_WEAK = YES;
				CLANG_WARN_BLOCK_CAPTURE_AUTORELEASING = YES;
				CLANG_WARN_BOOL_CONVERSION = YES;
				CLANG_WARN_COMMA = YES;
				CLANG_WARN_CONSTANT_CONVERSION = YES;
				CLANG_WARN_DEPRECATED_OBJC_IMPLEMENTATIONS = YES;
				CLANG_WARN_DIRECT_OBJC_ISA_USAGE = YES_ERROR;
				CLANG_WARN_DOCUMENTATION_COMMENTS = YES;
				CLANG_WARN_EMPTY_BODY = YES;
				CLANG_WARN_ENUM_CONVERSION = YES;
				CLANG_WARN_INFINITE_RECURSION = YES;
				CLANG_WARN_INT_CONVERSION = YES;
				CLANG_WARN_NON_LITERAL_NULL_CONVERSION = YES;
				CLANG_WARN_OBJC_IMPLICIT_RETAIN_SELF = YES;
				CLANG_WARN_OBJC_LITERAL_CONVERSION = YES;
				CLANG_WARN_OBJC_ROOT_CLASS = YES_ERROR;
				CLANG_WARN_QUOTED_INCLUDE_IN_FRAMEWORK_HEADER = YES;
				CLANG_WARN_RANGE_LOOP_ANALYSIS = YES;
				CLANG_WARN_STRICT_PROTOTYPES = YES;
				CLANG_WARN_SUSPICIOUS_MOVE = YES;
				CLANG_WARN_UNGUARDED_AVAILABILITY = YES_AGGRESSIVE;
				CLANG_WARN_UNREACHABLE_CODE = YES;
				CLANG_WARN__DUPLICATE_METHOD_MATCH = YES;
				COPY_PHASE_STRIP = NO;
				DEBUG_INFORMATION_FORMAT = "dwarf-with-dsym";
				ENABLE_NS_ASSERTIONS = NO;
				ENABLE_STRICT_OBJC_MSGSEND = YES;
				GCC_C_LANGUAGE_STANDARD = gnu11;
				GCC_NO_COMMON_BLOCKS = YES;
				GCC_WARN_64_TO_32_BIT_CONVERSION = YES;
				GCC_WARN_ABOUT_RETURN_TYPE = YES_ERROR;
				GCC_WARN_UNDECLARED_SELECTOR = YES;
				GCC_WARN_UNINITIALIZED_AUTOS = YES_AGGRESSIVE;
				GCC_WARN_UNUSED_FUNCTION = YES;
				GCC_WARN_UNUSED_VARIABLE = YES;
				IPHONEOS_DEPLOYMENT_TARGET = 16.0;
				MTL_ENABLE_DEBUG_INFO = NO;
				MTL_FAST_MATH = YES;
				SDKROOT = iphoneos;
				SWIFT_COMPILATION_MODE = wholemodule;
				SWIFT_OPTIMIZATION_LEVEL = "-O";
				VALIDATE_PRODUCT = YES;
			};
			name = Release;
		};
		D0A2F0A62831BC6700EC397C /* Debug */ = {
			isa = XCBuildConfiguration;
			buildSettings = {
				ASSETCATALOG_COMPILER_APPICON_NAME = AppIcon;
				ASSETCATALOG_COMPILER_GLOBAL_ACCENT_COLOR_NAME = AccentColor;
				CODE_SIGN_STYLE = Automatic;
				CURRENT_PROJECT_VERSION = 1;
				DEVELOPMENT_ASSET_PATHS = "\"megastonks/Preview Content\"";
				DEVELOPMENT_TEAM = HMK8J32K98;
				ENABLE_PREVIEWS = YES;
				GENERATE_INFOPLIST_FILE = YES;
				INFOPLIST_KEY_UIApplicationSceneManifest_Generation = YES;
				INFOPLIST_KEY_UIApplicationSupportsIndirectInputEvents = YES;
				INFOPLIST_KEY_UILaunchScreen_Generation = YES;
				INFOPLIST_KEY_UISupportedInterfaceOrientations_iPad = "UIInterfaceOrientationPortrait UIInterfaceOrientationPortraitUpsideDown UIInterfaceOrientationLandscapeLeft UIInterfaceOrientationLandscapeRight";
				INFOPLIST_KEY_UISupportedInterfaceOrientations_iPhone = "UIInterfaceOrientationPortrait UIInterfaceOrientationLandscapeLeft UIInterfaceOrientationLandscapeRight";
				LD_RUNPATH_SEARCH_PATHS = (
					"$(inherited)",
					"@executable_path/Frameworks",
				);
				MARKETING_VERSION = 1.0;
				PRODUCT_BUNDLE_IDENTIFIER = com.strikingfinancial.megastonks;
				PRODUCT_NAME = "$(TARGET_NAME)";
				SWIFT_EMIT_LOC_STRINGS = YES;
				SWIFT_VERSION = 5.0;
				TARGETED_DEVICE_FAMILY = "1,2";
			};
			name = Debug;
		};
		D0A2F0A72831BC6700EC397C /* Release */ = {
			isa = XCBuildConfiguration;
			buildSettings = {
				ASSETCATALOG_COMPILER_APPICON_NAME = AppIcon;
				ASSETCATALOG_COMPILER_GLOBAL_ACCENT_COLOR_NAME = AccentColor;
				CODE_SIGN_STYLE = Automatic;
				CURRENT_PROJECT_VERSION = 1;
				DEVELOPMENT_ASSET_PATHS = "\"megastonks/Preview Content\"";
				DEVELOPMENT_TEAM = HMK8J32K98;
				ENABLE_PREVIEWS = YES;
				GENERATE_INFOPLIST_FILE = YES;
				INFOPLIST_KEY_UIApplicationSceneManifest_Generation = YES;
				INFOPLIST_KEY_UIApplicationSupportsIndirectInputEvents = YES;
				INFOPLIST_KEY_UILaunchScreen_Generation = YES;
				INFOPLIST_KEY_UISupportedInterfaceOrientations_iPad = "UIInterfaceOrientationPortrait UIInterfaceOrientationPortraitUpsideDown UIInterfaceOrientationLandscapeLeft UIInterfaceOrientationLandscapeRight";
				INFOPLIST_KEY_UISupportedInterfaceOrientations_iPhone = "UIInterfaceOrientationPortrait UIInterfaceOrientationLandscapeLeft UIInterfaceOrientationLandscapeRight";
				LD_RUNPATH_SEARCH_PATHS = (
					"$(inherited)",
					"@executable_path/Frameworks",
				);
				MARKETING_VERSION = 1.0;
				PRODUCT_BUNDLE_IDENTIFIER = com.strikingfinancial.megastonks;
				PRODUCT_NAME = "$(TARGET_NAME)";
				SWIFT_EMIT_LOC_STRINGS = YES;
				SWIFT_VERSION = 5.0;
				TARGETED_DEVICE_FAMILY = "1,2";
			};
			name = Release;
		};
/* End XCBuildConfiguration section */

/* Begin XCConfigurationList section */
		D0A2F0922831BC6700EC397C /* Build configuration list for PBXProject "megastonks" */ = {
			isa = XCConfigurationList;
			buildConfigurations = (
				D0A2F0A32831BC6700EC397C /* Debug */,
				D0A2F0A42831BC6700EC397C /* Release */,
			);
			defaultConfigurationIsVisible = 0;
			defaultConfigurationName = Release;
		};
		D0A2F0A52831BC6700EC397C /* Build configuration list for PBXNativeTarget "megastonks" */ = {
			isa = XCConfigurationList;
			buildConfigurations = (
				D0A2F0A62831BC6700EC397C /* Debug */,
				D0A2F0A72831BC6700EC397C /* Release */,
			);
			defaultConfigurationIsVisible = 0;
			defaultConfigurationName = Release;
		};
/* End XCConfigurationList section */

/* Begin XCRemoteSwiftPackageReference section */
		D039C82428484B0300AA3AD2 /* XCRemoteSwiftPackageReference "wallet-core" */ = {
			isa = XCRemoteSwiftPackageReference;
			repositoryURL = "https://github.com/trustwallet/wallet-core";
			requirement = {
				branch = master;
				kind = branch;
			};
		};
		D0555FC62880A01400BF241C /* XCRemoteSwiftPackageReference "swift-identified-collections" */ = {
			isa = XCRemoteSwiftPackageReference;
			repositoryURL = "https://github.com/pointfreeco/swift-identified-collections";
			requirement = {
				branch = main;
				kind = branch;
			};
		};
		D06E27C82882284A00C773E9 /* XCRemoteSwiftPackageReference "SwiftKeychainWrapper" */ = {
			isa = XCRemoteSwiftPackageReference;
			repositoryURL = "https://github.com/jrendel/SwiftKeychainWrapper";
			requirement = {
				branch = develop;
				kind = branch;
			};
		};
/* End XCRemoteSwiftPackageReference section */

/* Begin XCSwiftPackageProductDependency section */
		D039C82528484B0300AA3AD2 /* SwiftProtobuf */ = {
			isa = XCSwiftPackageProductDependency;
			package = D039C82428484B0300AA3AD2 /* XCRemoteSwiftPackageReference "wallet-core" */;
			productName = SwiftProtobuf;
		};
		D039C82728484B0300AA3AD2 /* WalletCore */ = {
			isa = XCSwiftPackageProductDependency;
			package = D039C82428484B0300AA3AD2 /* XCRemoteSwiftPackageReference "wallet-core" */;
			productName = WalletCore;
		};
		D0555FC72880A01400BF241C /* IdentifiedCollections */ = {
			isa = XCSwiftPackageProductDependency;
			package = D0555FC62880A01400BF241C /* XCRemoteSwiftPackageReference "swift-identified-collections" */;
			productName = IdentifiedCollections;
		};
		D06E27C92882284A00C773E9 /* SwiftKeychainWrapper */ = {
			isa = XCSwiftPackageProductDependency;
			package = D06E27C82882284A00C773E9 /* XCRemoteSwiftPackageReference "SwiftKeychainWrapper" */;
			productName = SwiftKeychainWrapper;
		};
/* End XCSwiftPackageProductDependency section */
	};
	rootObject = D0A2F08F2831BC6700EC397C /* Project object */;
}
